// !$*UTF8*$!
{
	archiveVersion = 1;
	classes = {
	};
	objectVersion = 55;
	objects = {

/* Begin PBXBuildFile section */
		3A185BD82802DD6A004F5BB3 /* PlanCardFooterView.xib in Resources */ = {isa = PBXBuildFile; fileRef = 3A185BD72802DD6A004F5BB3 /* PlanCardFooterView.xib */; };
		3A185BDA2802E0B2004F5BB3 /* PlanCardFooterView.swift in Sources */ = {isa = PBXBuildFile; fileRef = 3A185BD92802E0B2004F5BB3 /* PlanCardFooterView.swift */; };
		3A185C012803C98B004F5BB3 /* AddPlanViewController.swift in Sources */ = {isa = PBXBuildFile; fileRef = 3A185C002803C98B004F5BB3 /* AddPlanViewController.swift */; };
		3A185C042803C9D2004F5BB3 /* HeaderView.xib in Resources */ = {isa = PBXBuildFile; fileRef = 3A185C032803C9D2004F5BB3 /* HeaderView.xib */; };
		3A185C062803C9E4004F5BB3 /* HeaderView.swift in Sources */ = {isa = PBXBuildFile; fileRef = 3A185C052803C9E4004F5BB3 /* HeaderView.swift */; };
		3A185C082803C9FA004F5BB3 /* FooterView.swift in Sources */ = {isa = PBXBuildFile; fileRef = 3A185C072803C9FA004F5BB3 /* FooterView.swift */; };
		3A185C0A2803CA04004F5BB3 /* FooterView.xib in Resources */ = {isa = PBXBuildFile; fileRef = 3A185C092803CA04004F5BB3 /* FooterView.xib */; };
		3A185C0D2803D346004F5BB3 /* AddPlanTableViewCell.swift in Sources */ = {isa = PBXBuildFile; fileRef = 3A185C0B2803D346004F5BB3 /* AddPlanTableViewCell.swift */; };
		3A185C0E2803D346004F5BB3 /* AddPlanTableViewCell.xib in Resources */ = {isa = PBXBuildFile; fileRef = 3A185C0C2803D346004F5BB3 /* AddPlanTableViewCell.xib */; };
		3A185C102803DA48004F5BB3 /* DatePickerView.swift in Sources */ = {isa = PBXBuildFile; fileRef = 3A185C0F2803DA48004F5BB3 /* DatePickerView.swift */; };
		3A185C1228041A23004F5BB3 /* Bundle+Extension.swift in Sources */ = {isa = PBXBuildFile; fileRef = 3A185C1128041A23004F5BB3 /* Bundle+Extension.swift */; };
		3A185C1428041A3A004F5BB3 /* Parser.swift in Sources */ = {isa = PBXBuildFile; fileRef = 3A185C1328041A3A004F5BB3 /* Parser.swift */; };
		3A185C1628041A4F004F5BB3 /* HTTPClient.swift in Sources */ = {isa = PBXBuildFile; fileRef = 3A185C1528041A4F004F5BB3 /* HTTPClient.swift */; };
		3A185C1828041A93004F5BB3 /* TripProvider.swift in Sources */ = {isa = PBXBuildFile; fileRef = 3A185C1728041A93004F5BB3 /* TripProvider.swift */; };
		3A185C1A28041AA9004F5BB3 /* TripRequest.swift in Sources */ = {isa = PBXBuildFile; fileRef = 3A185C1928041AA9004F5BB3 /* TripRequest.swift */; };
		3A185C1C28041E9F004F5BB3 /* DomainConstant.swift in Sources */ = {isa = PBXBuildFile; fileRef = 3A185C1B28041E9F004F5BB3 /* DomainConstant.swift */; };
		3A73527228017FAB00B4D8D3 /* UITableView+Extension.swift in Sources */ = {isa = PBXBuildFile; fileRef = 3A73527128017FAB00B4D8D3 /* UITableView+Extension.swift */; };
		3A73527428017FF300B4D8D3 /* TimeManager.swift in Sources */ = {isa = PBXBuildFile; fileRef = 3A73527328017FF300B4D8D3 /* TimeManager.swift */; };
		3A73527C2801802A00B4D8D3 /* PlanCardHeaderView.swift in Sources */ = {isa = PBXBuildFile; fileRef = 3A7352762801802900B4D8D3 /* PlanCardHeaderView.swift */; };
		3A73527D2801802A00B4D8D3 /* SelectionView.swift in Sources */ = {isa = PBXBuildFile; fileRef = 3A7352772801802900B4D8D3 /* SelectionView.swift */; };
		3A73527E2801802A00B4D8D3 /* PlanCardTableViewCell.xib in Resources */ = {isa = PBXBuildFile; fileRef = 3A7352782801802900B4D8D3 /* PlanCardTableViewCell.xib */; };
		3A73527F2801802A00B4D8D3 /* TimePickerView.swift in Sources */ = {isa = PBXBuildFile; fileRef = 3A7352792801802900B4D8D3 /* TimePickerView.swift */; };
		3A7352802801802A00B4D8D3 /* PlanCardTableViewCell.swift in Sources */ = {isa = PBXBuildFile; fileRef = 3A73527A2801802900B4D8D3 /* PlanCardTableViewCell.swift */; };
		3A7352812801802A00B4D8D3 /* PlanCardHeaderView.xib in Resources */ = {isa = PBXBuildFile; fileRef = 3A73527B2801802A00B4D8D3 /* PlanCardHeaderView.xib */; };
		3A73528528019AC200B4D8D3 /* TrafficTimeTableViewCell.swift in Sources */ = {isa = PBXBuildFile; fileRef = 3A73528328019AC200B4D8D3 /* TrafficTimeTableViewCell.swift */; };
		3A73528628019AC200B4D8D3 /* TrafficTimeTableViewCell.xib in Resources */ = {isa = PBXBuildFile; fileRef = 3A73528428019AC200B4D8D3 /* TrafficTimeTableViewCell.xib */; };
		3A9E9CC52800912000C7B8D3 /* AppDelegate.swift in Sources */ = {isa = PBXBuildFile; fileRef = 3A9E9CC42800912000C7B8D3 /* AppDelegate.swift */; };
		3A9E9CC72800912000C7B8D3 /* SceneDelegate.swift in Sources */ = {isa = PBXBuildFile; fileRef = 3A9E9CC62800912000C7B8D3 /* SceneDelegate.swift */; };
		3A9E9CC92800912000C7B8D3 /* PlanDetailViewController.swift in Sources */ = {isa = PBXBuildFile; fileRef = 3A9E9CC82800912000C7B8D3 /* PlanDetailViewController.swift */; };
		3A9E9CCC2800912000C7B8D3 /* Main.storyboard in Resources */ = {isa = PBXBuildFile; fileRef = 3A9E9CCA2800912000C7B8D3 /* Main.storyboard */; };
		3A9E9CCE2800912300C7B8D3 /* Assets.xcassets in Resources */ = {isa = PBXBuildFile; fileRef = 3A9E9CCD2800912300C7B8D3 /* Assets.xcassets */; };
		3A9E9CD12800912300C7B8D3 /* LaunchScreen.storyboard in Resources */ = {isa = PBXBuildFile; fileRef = 3A9E9CCF2800912300C7B8D3 /* LaunchScreen.storyboard */; };
		3A9E9CD92800924B00C7B8D3 /* PlanPickerViewController.swift in Sources */ = {isa = PBXBuildFile; fileRef = 3A9E9CD82800924B00C7B8D3 /* PlanPickerViewController.swift */; };
		3A9E9CDC280092E100C7B8D3 /* UIScreen+Extension.swift in Sources */ = {isa = PBXBuildFile; fileRef = 3A9E9CDB280092E100C7B8D3 /* UIScreen+Extension.swift */; };
		3A9E9CDE2800931600C7B8D3 /* UIColor+Extension.swift in Sources */ = {isa = PBXBuildFile; fileRef = 3A9E9CDD2800931600C7B8D3 /* UIColor+Extension.swift */; };
		3A9E9CE02800935200C7B8D3 /* UIStoryboard+Extension.swift in Sources */ = {isa = PBXBuildFile; fileRef = 3A9E9CDF2800935200C7B8D3 /* UIStoryboard+Extension.swift */; };
		3A9E9CE22800992C00C7B8D3 /* UIImage+Extension.swift in Sources */ = {isa = PBXBuildFile; fileRef = 3A9E9CE12800992C00C7B8D3 /* UIImage+Extension.swift */; };
		C3AEEE3C6189C8F8028B1D36 /* Pods_FunTraveler.framework in Frameworks */ = {isa = PBXBuildFile; fileRef = 73186D584D9808EFEC85EDA3 /* Pods_FunTraveler.framework */; };
/* End PBXBuildFile section */

/* Begin PBXFileReference section */
		3A185BD72802DD6A004F5BB3 /* PlanCardFooterView.xib */ = {isa = PBXFileReference; lastKnownFileType = file.xib; path = PlanCardFooterView.xib; sourceTree = "<group>"; };
		3A185BD92802E0B2004F5BB3 /* PlanCardFooterView.swift */ = {isa = PBXFileReference; lastKnownFileType = sourcecode.swift; path = PlanCardFooterView.swift; sourceTree = "<group>"; };
		3A185C002803C98B004F5BB3 /* AddPlanViewController.swift */ = {isa = PBXFileReference; lastKnownFileType = sourcecode.swift; path = AddPlanViewController.swift; sourceTree = "<group>"; };
		3A185C032803C9D2004F5BB3 /* HeaderView.xib */ = {isa = PBXFileReference; lastKnownFileType = file.xib; path = HeaderView.xib; sourceTree = "<group>"; };
		3A185C052803C9E4004F5BB3 /* HeaderView.swift */ = {isa = PBXFileReference; lastKnownFileType = sourcecode.swift; path = HeaderView.swift; sourceTree = "<group>"; };
		3A185C072803C9FA004F5BB3 /* FooterView.swift */ = {isa = PBXFileReference; lastKnownFileType = sourcecode.swift; path = FooterView.swift; sourceTree = "<group>"; };
		3A185C092803CA04004F5BB3 /* FooterView.xib */ = {isa = PBXFileReference; lastKnownFileType = file.xib; path = FooterView.xib; sourceTree = "<group>"; };
		3A185C0B2803D346004F5BB3 /* AddPlanTableViewCell.swift */ = {isa = PBXFileReference; lastKnownFileType = sourcecode.swift; path = AddPlanTableViewCell.swift; sourceTree = "<group>"; };
		3A185C0C2803D346004F5BB3 /* AddPlanTableViewCell.xib */ = {isa = PBXFileReference; lastKnownFileType = file.xib; path = AddPlanTableViewCell.xib; sourceTree = "<group>"; };
		3A185C0F2803DA48004F5BB3 /* DatePickerView.swift */ = {isa = PBXFileReference; lastKnownFileType = sourcecode.swift; path = DatePickerView.swift; sourceTree = "<group>"; };
		3A185C1128041A23004F5BB3 /* Bundle+Extension.swift */ = {isa = PBXFileReference; lastKnownFileType = sourcecode.swift; path = "Bundle+Extension.swift"; sourceTree = "<group>"; };
		3A185C1328041A3A004F5BB3 /* Parser.swift */ = {isa = PBXFileReference; lastKnownFileType = sourcecode.swift; path = Parser.swift; sourceTree = "<group>"; };
		3A185C1528041A4F004F5BB3 /* HTTPClient.swift */ = {isa = PBXFileReference; lastKnownFileType = sourcecode.swift; path = HTTPClient.swift; sourceTree = "<group>"; };
		3A185C1728041A93004F5BB3 /* TripProvider.swift */ = {isa = PBXFileReference; lastKnownFileType = sourcecode.swift; path = TripProvider.swift; sourceTree = "<group>"; };
		3A185C1928041AA9004F5BB3 /* TripRequest.swift */ = {isa = PBXFileReference; lastKnownFileType = sourcecode.swift; path = TripRequest.swift; sourceTree = "<group>"; };
		3A185C1B28041E9F004F5BB3 /* DomainConstant.swift */ = {isa = PBXFileReference; lastKnownFileType = sourcecode.swift; path = DomainConstant.swift; sourceTree = "<group>"; };
		3A73527128017FAB00B4D8D3 /* UITableView+Extension.swift */ = {isa = PBXFileReference; fileEncoding = 4; lastKnownFileType = sourcecode.swift; path = "UITableView+Extension.swift"; sourceTree = "<group>"; };
		3A73527328017FF300B4D8D3 /* TimeManager.swift */ = {isa = PBXFileReference; fileEncoding = 4; lastKnownFileType = sourcecode.swift; path = TimeManager.swift; sourceTree = "<group>"; };
		3A7352762801802900B4D8D3 /* PlanCardHeaderView.swift */ = {isa = PBXFileReference; fileEncoding = 4; lastKnownFileType = sourcecode.swift; path = PlanCardHeaderView.swift; sourceTree = "<group>"; };
		3A7352772801802900B4D8D3 /* SelectionView.swift */ = {isa = PBXFileReference; fileEncoding = 4; lastKnownFileType = sourcecode.swift; path = SelectionView.swift; sourceTree = "<group>"; };
		3A7352782801802900B4D8D3 /* PlanCardTableViewCell.xib */ = {isa = PBXFileReference; fileEncoding = 4; lastKnownFileType = file.xib; path = PlanCardTableViewCell.xib; sourceTree = "<group>"; };
		3A7352792801802900B4D8D3 /* TimePickerView.swift */ = {isa = PBXFileReference; fileEncoding = 4; lastKnownFileType = sourcecode.swift; path = TimePickerView.swift; sourceTree = "<group>"; };
		3A73527A2801802900B4D8D3 /* PlanCardTableViewCell.swift */ = {isa = PBXFileReference; fileEncoding = 4; lastKnownFileType = sourcecode.swift; path = PlanCardTableViewCell.swift; sourceTree = "<group>"; };
		3A73527B2801802A00B4D8D3 /* PlanCardHeaderView.xib */ = {isa = PBXFileReference; fileEncoding = 4; lastKnownFileType = file.xib; path = PlanCardHeaderView.xib; sourceTree = "<group>"; };
		3A73528328019AC200B4D8D3 /* TrafficTimeTableViewCell.swift */ = {isa = PBXFileReference; lastKnownFileType = sourcecode.swift; path = TrafficTimeTableViewCell.swift; sourceTree = "<group>"; };
		3A73528428019AC200B4D8D3 /* TrafficTimeTableViewCell.xib */ = {isa = PBXFileReference; lastKnownFileType = file.xib; path = TrafficTimeTableViewCell.xib; sourceTree = "<group>"; };
		3A9E9CC12800912000C7B8D3 /* FunTraveler.app */ = {isa = PBXFileReference; explicitFileType = wrapper.application; includeInIndex = 0; path = FunTraveler.app; sourceTree = BUILT_PRODUCTS_DIR; };
		3A9E9CC42800912000C7B8D3 /* AppDelegate.swift */ = {isa = PBXFileReference; lastKnownFileType = sourcecode.swift; path = AppDelegate.swift; sourceTree = "<group>"; };
		3A9E9CC62800912000C7B8D3 /* SceneDelegate.swift */ = {isa = PBXFileReference; lastKnownFileType = sourcecode.swift; path = SceneDelegate.swift; sourceTree = "<group>"; };
		3A9E9CC82800912000C7B8D3 /* PlanDetailViewController.swift */ = {isa = PBXFileReference; lastKnownFileType = sourcecode.swift; path = PlanDetailViewController.swift; sourceTree = "<group>"; };
		3A9E9CCB2800912000C7B8D3 /* Base */ = {isa = PBXFileReference; lastKnownFileType = file.storyboard; name = Base; path = Base.lproj/Main.storyboard; sourceTree = "<group>"; };
		3A9E9CCD2800912300C7B8D3 /* Assets.xcassets */ = {isa = PBXFileReference; lastKnownFileType = folder.assetcatalog; path = Assets.xcassets; sourceTree = "<group>"; };
		3A9E9CD02800912300C7B8D3 /* Base */ = {isa = PBXFileReference; lastKnownFileType = file.storyboard; name = Base; path = Base.lproj/LaunchScreen.storyboard; sourceTree = "<group>"; };
		3A9E9CD22800912300C7B8D3 /* Info.plist */ = {isa = PBXFileReference; lastKnownFileType = text.plist.xml; path = Info.plist; sourceTree = "<group>"; };
		3A9E9CD82800924B00C7B8D3 /* PlanPickerViewController.swift */ = {isa = PBXFileReference; lastKnownFileType = sourcecode.swift; path = PlanPickerViewController.swift; sourceTree = "<group>"; };
		3A9E9CDB280092E100C7B8D3 /* UIScreen+Extension.swift */ = {isa = PBXFileReference; lastKnownFileType = sourcecode.swift; path = "UIScreen+Extension.swift"; sourceTree = "<group>"; };
		3A9E9CDD2800931600C7B8D3 /* UIColor+Extension.swift */ = {isa = PBXFileReference; lastKnownFileType = sourcecode.swift; path = "UIColor+Extension.swift"; sourceTree = "<group>"; };
		3A9E9CDF2800935200C7B8D3 /* UIStoryboard+Extension.swift */ = {isa = PBXFileReference; fileEncoding = 4; lastKnownFileType = sourcecode.swift; path = "UIStoryboard+Extension.swift"; sourceTree = "<group>"; };
		3A9E9CE12800992C00C7B8D3 /* UIImage+Extension.swift */ = {isa = PBXFileReference; lastKnownFileType = sourcecode.swift; path = "UIImage+Extension.swift"; sourceTree = "<group>"; };
		73186D584D9808EFEC85EDA3 /* Pods_FunTraveler.framework */ = {isa = PBXFileReference; explicitFileType = wrapper.framework; includeInIndex = 0; path = Pods_FunTraveler.framework; sourceTree = BUILT_PRODUCTS_DIR; };
		C2AC13864AD8DF7A3283E0A4 /* Pods-FunTraveler.release.xcconfig */ = {isa = PBXFileReference; includeInIndex = 1; lastKnownFileType = text.xcconfig; name = "Pods-FunTraveler.release.xcconfig"; path = "Target Support Files/Pods-FunTraveler/Pods-FunTraveler.release.xcconfig"; sourceTree = "<group>"; };
		CB413D7F6C05AB4EFC0A0F9E /* Pods-FunTraveler.debug.xcconfig */ = {isa = PBXFileReference; includeInIndex = 1; lastKnownFileType = text.xcconfig; name = "Pods-FunTraveler.debug.xcconfig"; path = "Target Support Files/Pods-FunTraveler/Pods-FunTraveler.debug.xcconfig"; sourceTree = "<group>"; };
/* End PBXFileReference section */

/* Begin PBXFrameworksBuildPhase section */
		3A9E9CBE2800912000C7B8D3 /* Frameworks */ = {
			isa = PBXFrameworksBuildPhase;
			buildActionMask = 2147483647;
			files = (
				C3AEEE3C6189C8F8028B1D36 /* Pods_FunTraveler.framework in Frameworks */,
			);
			runOnlyForDeploymentPostprocessing = 0;
		};
/* End PBXFrameworksBuildPhase section */

/* Begin PBXGroup section */
		38B0D11C00FC5A524FF36F27 /* Frameworks */ = {
			isa = PBXGroup;
			children = (
				73186D584D9808EFEC85EDA3 /* Pods_FunTraveler.framework */,
			);
			name = Frameworks;
			sourceTree = "<group>";
		};
		3A73527528017FFF00B4D8D3 /* Model */ = {
			isa = PBXGroup;
			children = (
				3A73527328017FF300B4D8D3 /* TimeManager.swift */,
				3A185C1128041A23004F5BB3 /* Bundle+Extension.swift */,
				3A185C1328041A3A004F5BB3 /* Parser.swift */,
				3A185C1528041A4F004F5BB3 /* HTTPClient.swift */,
				3A185C1B28041E9F004F5BB3 /* DomainConstant.swift */,
				3A185C1728041A93004F5BB3 /* TripProvider.swift */,
				3A185C1928041AA9004F5BB3 /* TripRequest.swift */,
			);
			path = Model;
			sourceTree = "<group>";
		};
		3A9E9CB82800912000C7B8D3 = {
			isa = PBXGroup;
			children = (
				3A9E9CC32800912000C7B8D3 /* FunTraveler */,
				3A9E9CC22800912000C7B8D3 /* Products */,
				5A799DD875BE00BF1E7BBA1E /* Pods */,
				38B0D11C00FC5A524FF36F27 /* Frameworks */,
			);
			sourceTree = "<group>";
		};
		3A9E9CC22800912000C7B8D3 /* Products */ = {
			isa = PBXGroup;
			children = (
				3A9E9CC12800912000C7B8D3 /* FunTraveler.app */,
			);
			name = Products;
			sourceTree = "<group>";
		};
		3A9E9CC32800912000C7B8D3 /* FunTraveler */ = {
			isa = PBXGroup;
			children = (
				3A9E9CDA280092D100C7B8D3 /* Extension */,
				3A9E9CE328010D4100C7B8D3 /* Controller */,
				3A9E9CE428010D4C00C7B8D3 /* View */,
				3A73527528017FFF00B4D8D3 /* Model */,
				3A9E9CC42800912000C7B8D3 /* AppDelegate.swift */,
				3A9E9CC62800912000C7B8D3 /* SceneDelegate.swift */,
				3A9E9CCA2800912000C7B8D3 /* Main.storyboard */,
				3A9E9CCD2800912300C7B8D3 /* Assets.xcassets */,
				3A9E9CCF2800912300C7B8D3 /* LaunchScreen.storyboard */,
				3A9E9CD22800912300C7B8D3 /* Info.plist */,
			);
			path = FunTraveler;
			sourceTree = "<group>";
		};
		3A9E9CDA280092D100C7B8D3 /* Extension */ = {
			isa = PBXGroup;
			children = (
				3A73527128017FAB00B4D8D3 /* UITableView+Extension.swift */,
				3A9E9CDB280092E100C7B8D3 /* UIScreen+Extension.swift */,
				3A9E9CDD2800931600C7B8D3 /* UIColor+Extension.swift */,
				3A9E9CDF2800935200C7B8D3 /* UIStoryboard+Extension.swift */,
				3A9E9CE12800992C00C7B8D3 /* UIImage+Extension.swift */,
			);
			path = Extension;
			sourceTree = "<group>";
		};
		3A9E9CE328010D4100C7B8D3 /* Controller */ = {
			isa = PBXGroup;
			children = (
				3A9E9CC82800912000C7B8D3 /* PlanDetailViewController.swift */,
				3A9E9CD82800924B00C7B8D3 /* PlanPickerViewController.swift */,
				3A185C002803C98B004F5BB3 /* AddPlanViewController.swift */,
			);
			path = Controller;
			sourceTree = "<group>";
		};
		3A9E9CE428010D4C00C7B8D3 /* View */ = {
			isa = PBXGroup;
			children = (
				3A7352762801802900B4D8D3 /* PlanCardHeaderView.swift */,
				3A73527B2801802A00B4D8D3 /* PlanCardHeaderView.xib */,
				3A185BD92802E0B2004F5BB3 /* PlanCardFooterView.swift */,
				3A185BD72802DD6A004F5BB3 /* PlanCardFooterView.xib */,
				3A73527A2801802900B4D8D3 /* PlanCardTableViewCell.swift */,
				3A7352782801802900B4D8D3 /* PlanCardTableViewCell.xib */,
				3A73528328019AC200B4D8D3 /* TrafficTimeTableViewCell.swift */,
				3A73528428019AC200B4D8D3 /* TrafficTimeTableViewCell.xib */,
				3A7352772801802900B4D8D3 /* SelectionView.swift */,
				3A185C0C2803D346004F5BB3 /* AddPlanTableViewCell.xib */,
				3A185C0B2803D346004F5BB3 /* AddPlanTableViewCell.swift */,
				3A185C0F2803DA48004F5BB3 /* DatePickerView.swift */,
				3A7352792801802900B4D8D3 /* TimePickerView.swift */,
				3A185C032803C9D2004F5BB3 /* HeaderView.xib */,
				3A185C052803C9E4004F5BB3 /* HeaderView.swift */,
				3A185C092803CA04004F5BB3 /* FooterView.xib */,
				3A185C072803C9FA004F5BB3 /* FooterView.swift */,
			);
			path = View;
			sourceTree = "<group>";
		};
		5A799DD875BE00BF1E7BBA1E /* Pods */ = {
			isa = PBXGroup;
			children = (
				CB413D7F6C05AB4EFC0A0F9E /* Pods-FunTraveler.debug.xcconfig */,
				C2AC13864AD8DF7A3283E0A4 /* Pods-FunTraveler.release.xcconfig */,
			);
			path = Pods;
			sourceTree = "<group>";
		};
/* End PBXGroup section */

/* Begin PBXNativeTarget section */
		3A9E9CC02800912000C7B8D3 /* FunTraveler */ = {
			isa = PBXNativeTarget;
			buildConfigurationList = 3A9E9CD52800912300C7B8D3 /* Build configuration list for PBXNativeTarget "FunTraveler" */;
			buildPhases = (
				AFC60E12D96E8C88082C0084 /* [CP] Check Pods Manifest.lock */,
				3A9E9CBD2800912000C7B8D3 /* Sources */,
				3A9E9CBE2800912000C7B8D3 /* Frameworks */,
				3A9E9CBF2800912000C7B8D3 /* Resources */,
				3A73528228018C9A00B4D8D3 /* ShellScript */,
			);
			buildRules = (
			);
			dependencies = (
			);
			name = FunTraveler;
			productName = FunTraveler;
			productReference = 3A9E9CC12800912000C7B8D3 /* FunTraveler.app */;
			productType = "com.apple.product-type.application";
		};
/* End PBXNativeTarget section */

/* Begin PBXProject section */
		3A9E9CB92800912000C7B8D3 /* Project object */ = {
			isa = PBXProject;
			attributes = {
				BuildIndependentTargetsInParallel = 1;
				LastSwiftUpdateCheck = 1320;
				LastUpgradeCheck = 1320;
				TargetAttributes = {
					3A9E9CC02800912000C7B8D3 = {
						CreatedOnToolsVersion = 13.2.1;
					};
				};
			};
			buildConfigurationList = 3A9E9CBC2800912000C7B8D3 /* Build configuration list for PBXProject "FunTraveler" */;
			compatibilityVersion = "Xcode 13.0";
			developmentRegion = en;
			hasScannedForEncodings = 0;
			knownRegions = (
				en,
				Base,
			);
			mainGroup = 3A9E9CB82800912000C7B8D3;
			productRefGroup = 3A9E9CC22800912000C7B8D3 /* Products */;
			projectDirPath = "";
			projectRoot = "";
			targets = (
				3A9E9CC02800912000C7B8D3 /* FunTraveler */,
			);
		};
/* End PBXProject section */

/* Begin PBXResourcesBuildPhase section */
		3A9E9CBF2800912000C7B8D3 /* Resources */ = {
			isa = PBXResourcesBuildPhase;
			buildActionMask = 2147483647;
			files = (
				3A73528628019AC200B4D8D3 /* TrafficTimeTableViewCell.xib in Resources */,
				3A185BD82802DD6A004F5BB3 /* PlanCardFooterView.xib in Resources */,
				3A185C0E2803D346004F5BB3 /* AddPlanTableViewCell.xib in Resources */,
				3A9E9CD12800912300C7B8D3 /* LaunchScreen.storyboard in Resources */,
				3A185C042803C9D2004F5BB3 /* HeaderView.xib in Resources */,
				3A185C0A2803CA04004F5BB3 /* FooterView.xib in Resources */,
				3A9E9CCE2800912300C7B8D3 /* Assets.xcassets in Resources */,
				3A73527E2801802A00B4D8D3 /* PlanCardTableViewCell.xib in Resources */,
				3A7352812801802A00B4D8D3 /* PlanCardHeaderView.xib in Resources */,
				3A9E9CCC2800912000C7B8D3 /* Main.storyboard in Resources */,
			);
			runOnlyForDeploymentPostprocessing = 0;
		};
/* End PBXResourcesBuildPhase section */

/* Begin PBXShellScriptBuildPhase section */
		3A73528228018C9A00B4D8D3 /* ShellScript */ = {
			isa = PBXShellScriptBuildPhase;
			buildActionMask = 2147483647;
			files = (
			);
			inputFileListPaths = (
			);
			inputPaths = (
			);
			outputFileListPaths = (
			);
			outputPaths = (
			);
			runOnlyForDeploymentPostprocessing = 0;
			shellPath = /bin/sh;
			shellScript = "# SwiftLint Pods\n\"${PODS_ROOT}/SwiftLint/swiftlint\"\n";
		};
		AFC60E12D96E8C88082C0084 /* [CP] Check Pods Manifest.lock */ = {
			isa = PBXShellScriptBuildPhase;
			buildActionMask = 2147483647;
			files = (
			);
			inputFileListPaths = (
			);
			inputPaths = (
				"${PODS_PODFILE_DIR_PATH}/Podfile.lock",
				"${PODS_ROOT}/Manifest.lock",
			);
			name = "[CP] Check Pods Manifest.lock";
			outputFileListPaths = (
			);
			outputPaths = (
				"$(DERIVED_FILE_DIR)/Pods-FunTraveler-checkManifestLockResult.txt",
			);
			runOnlyForDeploymentPostprocessing = 0;
			shellPath = /bin/sh;
			shellScript = "diff \"${PODS_PODFILE_DIR_PATH}/Podfile.lock\" \"${PODS_ROOT}/Manifest.lock\" > /dev/null\nif [ $? != 0 ] ; then\n    # print error to STDERR\n    echo \"error: The sandbox is not in sync with the Podfile.lock. Run 'pod install' or update your CocoaPods installation.\" >&2\n    exit 1\nfi\n# This output is used by Xcode 'outputs' to avoid re-running this script phase.\necho \"SUCCESS\" > \"${SCRIPT_OUTPUT_FILE_0}\"\n";
			showEnvVarsInLog = 0;
		};
/* End PBXShellScriptBuildPhase section */

/* Begin PBXSourcesBuildPhase section */
		3A9E9CBD2800912000C7B8D3 /* Sources */ = {
			isa = PBXSourcesBuildPhase;
			buildActionMask = 2147483647;
			files = (
				3A73528528019AC200B4D8D3 /* TrafficTimeTableViewCell.swift in Sources */,
				3A185C062803C9E4004F5BB3 /* HeaderView.swift in Sources */,
				3A185C1C28041E9F004F5BB3 /* DomainConstant.swift in Sources */,
				3A185C1628041A4F004F5BB3 /* HTTPClient.swift in Sources */,
				3A185C1828041A93004F5BB3 /* TripProvider.swift in Sources */,
				3A185C082803C9FA004F5BB3 /* FooterView.swift in Sources */,
				3A185C1228041A23004F5BB3 /* Bundle+Extension.swift in Sources */,
				3A9E9CC92800912000C7B8D3 /* PlanDetailViewController.swift in Sources */,
				3A9E9CDC280092E100C7B8D3 /* UIScreen+Extension.swift in Sources */,
				3A73527228017FAB00B4D8D3 /* UITableView+Extension.swift in Sources */,
				3A185C012803C98B004F5BB3 /* AddPlanViewController.swift in Sources */,
				3A73527C2801802A00B4D8D3 /* PlanCardHeaderView.swift in Sources */,
				3A185C0D2803D346004F5BB3 /* AddPlanTableViewCell.swift in Sources */,
				3A7352802801802A00B4D8D3 /* PlanCardTableViewCell.swift in Sources */,
				3A9E9CD92800924B00C7B8D3 /* PlanPickerViewController.swift in Sources */,
				3A9E9CE22800992C00C7B8D3 /* UIImage+Extension.swift in Sources */,
				3A9E9CDE2800931600C7B8D3 /* UIColor+Extension.swift in Sources */,
				3A9E9CC52800912000C7B8D3 /* AppDelegate.swift in Sources */,
				3A73527F2801802A00B4D8D3 /* TimePickerView.swift in Sources */,
				3A185BDA2802E0B2004F5BB3 /* PlanCardFooterView.swift in Sources */,
				3A9E9CC72800912000C7B8D3 /* SceneDelegate.swift in Sources */,
				3A185C1A28041AA9004F5BB3 /* TripRequest.swift in Sources */,
				3A73527428017FF300B4D8D3 /* TimeManager.swift in Sources */,
				3A185C102803DA48004F5BB3 /* DatePickerView.swift in Sources */,
				3A9E9CE02800935200C7B8D3 /* UIStoryboard+Extension.swift in Sources */,
				3A185C1428041A3A004F5BB3 /* Parser.swift in Sources */,
				3A73527D2801802A00B4D8D3 /* SelectionView.swift in Sources */,
			);
			runOnlyForDeploymentPostprocessing = 0;
		};
/* End PBXSourcesBuildPhase section */

/* Begin PBXVariantGroup section */
		3A9E9CCA2800912000C7B8D3 /* Main.storyboard */ = {
			isa = PBXVariantGroup;
			children = (
				3A9E9CCB2800912000C7B8D3 /* Base */,
			);
			name = Main.storyboard;
			sourceTree = "<group>";
		};
		3A9E9CCF2800912300C7B8D3 /* LaunchScreen.storyboard */ = {
			isa = PBXVariantGroup;
			children = (
				3A9E9CD02800912300C7B8D3 /* Base */,
			);
			name = LaunchScreen.storyboard;
			sourceTree = "<group>";
		};
/* End PBXVariantGroup section */

/* Begin XCBuildConfiguration section */
		3A9E9CD32800912300C7B8D3 /* Debug */ = {
			isa = XCBuildConfiguration;
			buildSettings = {
				ALWAYS_SEARCH_USER_PATHS = NO;
				CLANG_ANALYZER_NONNULL = YES;
				CLANG_ANALYZER_NUMBER_OBJECT_CONVERSION = YES_AGGRESSIVE;
				CLANG_CXX_LANGUAGE_STANDARD = "gnu++17";
				CLANG_CXX_LIBRARY = "libc++";
				CLANG_ENABLE_MODULES = YES;
				CLANG_ENABLE_OBJC_ARC = YES;
				CLANG_ENABLE_OBJC_WEAK = YES;
				CLANG_WARN_BLOCK_CAPTURE_AUTORELEASING = YES;
				CLANG_WARN_BOOL_CONVERSION = YES;
				CLANG_WARN_COMMA = YES;
				CLANG_WARN_CONSTANT_CONVERSION = YES;
				CLANG_WARN_DEPRECATED_OBJC_IMPLEMENTATIONS = YES;
				CLANG_WARN_DIRECT_OBJC_ISA_USAGE = YES_ERROR;
				CLANG_WARN_DOCUMENTATION_COMMENTS = YES;
				CLANG_WARN_EMPTY_BODY = YES;
				CLANG_WARN_ENUM_CONVERSION = YES;
				CLANG_WARN_INFINITE_RECURSION = YES;
				CLANG_WARN_INT_CONVERSION = YES;
				CLANG_WARN_NON_LITERAL_NULL_CONVERSION = YES;
				CLANG_WARN_OBJC_IMPLICIT_RETAIN_SELF = YES;
				CLANG_WARN_OBJC_LITERAL_CONVERSION = YES;
				CLANG_WARN_OBJC_ROOT_CLASS = YES_ERROR;
				CLANG_WARN_QUOTED_INCLUDE_IN_FRAMEWORK_HEADER = YES;
				CLANG_WARN_RANGE_LOOP_ANALYSIS = YES;
				CLANG_WARN_STRICT_PROTOTYPES = YES;
				CLANG_WARN_SUSPICIOUS_MOVE = YES;
				CLANG_WARN_UNGUARDED_AVAILABILITY = YES_AGGRESSIVE;
				CLANG_WARN_UNREACHABLE_CODE = YES;
				CLANG_WARN__DUPLICATE_METHOD_MATCH = YES;
				COPY_PHASE_STRIP = NO;
				DEBUG_INFORMATION_FORMAT = dwarf;
				ENABLE_STRICT_OBJC_MSGSEND = YES;
				ENABLE_TESTABILITY = YES;
				GCC_C_LANGUAGE_STANDARD = gnu11;
				GCC_DYNAMIC_NO_PIC = NO;
				GCC_NO_COMMON_BLOCKS = YES;
				GCC_OPTIMIZATION_LEVEL = 0;
				GCC_PREPROCESSOR_DEFINITIONS = (
					"DEBUG=1",
					"$(inherited)",
				);
				GCC_WARN_64_TO_32_BIT_CONVERSION = YES;
				GCC_WARN_ABOUT_RETURN_TYPE = YES_ERROR;
				GCC_WARN_UNDECLARED_SELECTOR = YES;
				GCC_WARN_UNINITIALIZED_AUTOS = YES_AGGRESSIVE;
				GCC_WARN_UNUSED_FUNCTION = YES;
				GCC_WARN_UNUSED_VARIABLE = YES;
				IPHONEOS_DEPLOYMENT_TARGET = 15.2;
				MTL_ENABLE_DEBUG_INFO = INCLUDE_SOURCE;
				MTL_FAST_MATH = YES;
				ONLY_ACTIVE_ARCH = YES;
				SDKROOT = iphoneos;
				SWIFT_ACTIVE_COMPILATION_CONDITIONS = DEBUG;
				SWIFT_OPTIMIZATION_LEVEL = "-Onone";
			};
			name = Debug;
		};
		3A9E9CD42800912300C7B8D3 /* Release */ = {
			isa = XCBuildConfiguration;
			buildSettings = {
				ALWAYS_SEARCH_USER_PATHS = NO;
				CLANG_ANALYZER_NONNULL = YES;
				CLANG_ANALYZER_NUMBER_OBJECT_CONVERSION = YES_AGGRESSIVE;
				CLANG_CXX_LANGUAGE_STANDARD = "gnu++17";
				CLANG_CXX_LIBRARY = "libc++";
				CLANG_ENABLE_MODULES = YES;
				CLANG_ENABLE_OBJC_ARC = YES;
				CLANG_ENABLE_OBJC_WEAK = YES;
				CLANG_WARN_BLOCK_CAPTURE_AUTORELEASING = YES;
				CLANG_WARN_BOOL_CONVERSION = YES;
				CLANG_WARN_COMMA = YES;
				CLANG_WARN_CONSTANT_CONVERSION = YES;
				CLANG_WARN_DEPRECATED_OBJC_IMPLEMENTATIONS = YES;
				CLANG_WARN_DIRECT_OBJC_ISA_USAGE = YES_ERROR;
				CLANG_WARN_DOCUMENTATION_COMMENTS = YES;
				CLANG_WARN_EMPTY_BODY = YES;
				CLANG_WARN_ENUM_CONVERSION = YES;
				CLANG_WARN_INFINITE_RECURSION = YES;
				CLANG_WARN_INT_CONVERSION = YES;
				CLANG_WARN_NON_LITERAL_NULL_CONVERSION = YES;
				CLANG_WARN_OBJC_IMPLICIT_RETAIN_SELF = YES;
				CLANG_WARN_OBJC_LITERAL_CONVERSION = YES;
				CLANG_WARN_OBJC_ROOT_CLASS = YES_ERROR;
				CLANG_WARN_QUOTED_INCLUDE_IN_FRAMEWORK_HEADER = YES;
				CLANG_WARN_RANGE_LOOP_ANALYSIS = YES;
				CLANG_WARN_STRICT_PROTOTYPES = YES;
				CLANG_WARN_SUSPICIOUS_MOVE = YES;
				CLANG_WARN_UNGUARDED_AVAILABILITY = YES_AGGRESSIVE;
				CLANG_WARN_UNREACHABLE_CODE = YES;
				CLANG_WARN__DUPLICATE_METHOD_MATCH = YES;
				COPY_PHASE_STRIP = NO;
				DEBUG_INFORMATION_FORMAT = "dwarf-with-dsym";
				ENABLE_NS_ASSERTIONS = NO;
				ENABLE_STRICT_OBJC_MSGSEND = YES;
				GCC_C_LANGUAGE_STANDARD = gnu11;
				GCC_NO_COMMON_BLOCKS = YES;
				GCC_WARN_64_TO_32_BIT_CONVERSION = YES;
				GCC_WARN_ABOUT_RETURN_TYPE = YES_ERROR;
				GCC_WARN_UNDECLARED_SELECTOR = YES;
				GCC_WARN_UNINITIALIZED_AUTOS = YES_AGGRESSIVE;
				GCC_WARN_UNUSED_FUNCTION = YES;
				GCC_WARN_UNUSED_VARIABLE = YES;
				IPHONEOS_DEPLOYMENT_TARGET = 15.2;
				MTL_ENABLE_DEBUG_INFO = NO;
				MTL_FAST_MATH = YES;
				SDKROOT = iphoneos;
				SWIFT_COMPILATION_MODE = wholemodule;
				SWIFT_OPTIMIZATION_LEVEL = "-O";
				VALIDATE_PRODUCT = YES;
			};
			name = Release;
		};
		3A9E9CD62800912300C7B8D3 /* Debug */ = {
			isa = XCBuildConfiguration;
			baseConfigurationReference = CB413D7F6C05AB4EFC0A0F9E /* Pods-FunTraveler.debug.xcconfig */;
			buildSettings = {
				ASSETCATALOG_COMPILER_APPICON_NAME = AppIcon;
				ASSETCATALOG_COMPILER_GLOBAL_ACCENT_COLOR_NAME = AccentColor;
				CODE_SIGN_STYLE = Automatic;
				CURRENT_PROJECT_VERSION = 1;
				DEVELOPMENT_TEAM = 66YLNV7J37;
				GENERATE_INFOPLIST_FILE = YES;
				INFOPLIST_FILE = FunTraveler/Info.plist;
				INFOPLIST_KEY_UIApplicationSupportsIndirectInputEvents = YES;
				INFOPLIST_KEY_UILaunchStoryboardName = LaunchScreen;
				INFOPLIST_KEY_UIMainStoryboardFile = Main;
				INFOPLIST_KEY_UISupportedInterfaceOrientations_iPad = "UIInterfaceOrientationPortrait UIInterfaceOrientationPortraitUpsideDown UIInterfaceOrientationLandscapeLeft UIInterfaceOrientationLandscapeRight";
				INFOPLIST_KEY_UISupportedInterfaceOrientations_iPhone = "UIInterfaceOrientationPortrait UIInterfaceOrientationLandscapeLeft UIInterfaceOrientationLandscapeRight";
				LD_RUNPATH_SEARCH_PATHS = (
					"$(inherited)",
					"@executable_path/Frameworks",
				);
				MARKETING_VERSION = 1.0;
				PRODUCT_BUNDLE_IDENTIFIER = com.Sally.FunTraveler;
				PRODUCT_NAME = "$(TARGET_NAME)";
				SWIFT_EMIT_LOC_STRINGS = YES;
				SWIFT_VERSION = 5.0;
				TARGETED_DEVICE_FAMILY = "1,2";
			};
			name = Debug;
		};
		3A9E9CD72800912300C7B8D3 /* Release */ = {
			isa = XCBuildConfiguration;
			baseConfigurationReference = C2AC13864AD8DF7A3283E0A4 /* Pods-FunTraveler.release.xcconfig */;
			buildSettings = {
				ASSETCATALOG_COMPILER_APPICON_NAME = AppIcon;
				ASSETCATALOG_COMPILER_GLOBAL_ACCENT_COLOR_NAME = AccentColor;
				CODE_SIGN_STYLE = Automatic;
				CURRENT_PROJECT_VERSION = 1;
				DEVELOPMENT_TEAM = 66YLNV7J37;
				GENERATE_INFOPLIST_FILE = YES;
				INFOPLIST_FILE = FunTraveler/Info.plist;
				INFOPLIST_KEY_UIApplicationSupportsIndirectInputEvents = YES;
				INFOPLIST_KEY_UILaunchStoryboardName = LaunchScreen;
				INFOPLIST_KEY_UIMainStoryboardFile = Main;
				INFOPLIST_KEY_UISupportedInterfaceOrientations_iPad = "UIInterfaceOrientationPortrait UIInterfaceOrientationPortraitUpsideDown UIInterfaceOrientationLandscapeLeft UIInterfaceOrientationLandscapeRight";
				INFOPLIST_KEY_UISupportedInterfaceOrientations_iPhone = "UIInterfaceOrientationPortrait UIInterfaceOrientationLandscapeLeft UIInterfaceOrientationLandscapeRight";
				LD_RUNPATH_SEARCH_PATHS = (
					"$(inherited)",
					"@executable_path/Frameworks",
				);
				MARKETING_VERSION = 1.0;
				PRODUCT_BUNDLE_IDENTIFIER = com.Sally.FunTraveler;
				PRODUCT_NAME = "$(TARGET_NAME)";
				SWIFT_EMIT_LOC_STRINGS = YES;
				SWIFT_VERSION = 5.0;
				TARGETED_DEVICE_FAMILY = "1,2";
			};
			name = Release;
		};
/* End XCBuildConfiguration section */

/* Begin XCConfigurationList section */
		3A9E9CBC2800912000C7B8D3 /* Build configuration list for PBXProject "FunTraveler" */ = {
			isa = XCConfigurationList;
			buildConfigurations = (
				3A9E9CD32800912300C7B8D3 /* Debug */,
				3A9E9CD42800912300C7B8D3 /* Release */,
			);
			defaultConfigurationIsVisible = 0;
			defaultConfigurationName = Release;
		};
		3A9E9CD52800912300C7B8D3 /* Build configuration list for PBXNativeTarget "FunTraveler" */ = {
			isa = XCConfigurationList;
			buildConfigurations = (
				3A9E9CD62800912300C7B8D3 /* Debug */,
				3A9E9CD72800912300C7B8D3 /* Release */,
			);
			defaultConfigurationIsVisible = 0;
			defaultConfigurationName = Release;
		};
/* End XCConfigurationList section */
	};
	rootObject = 3A9E9CB92800912000C7B8D3 /* Project object */;
}
