PODS:
  - IQKeyboardManagerSwift (6.5.9)
  - JGProgressHUD (2.2)
  - KeychainAccess (4.2.2)
  - Kingfisher (7.2.1)
  - lottie-ios (3.3.0)
  - NWWebSocket (0.5.2)
  - PusherSwift (10.0.0):
    - NWWebSocket (~> 0.5.2)
    - TweetNacl (~> 1.0.0)
  - SwiftLint (0.47.0)
  - TweetNacl (1.0.2)

DEPENDENCIES:
  - IQKeyboardManagerSwift
  - JGProgressHUD
  - KeychainAccess
  - Kingfisher
  - lottie-ios
  - PusherSwift
  - SwiftLint

SPEC REPOS:
  trunk:
    - IQKeyboardManagerSwift
    - JGProgressHUD
    - KeychainAccess
    - Kingfisher
    - lottie-ios
    - NWWebSocket
    - PusherSwift
    - SwiftLint
    - TweetNacl

SPEC CHECKSUMS:
  IQKeyboardManagerSwift: 6e839c575c4aa1078d58a596e41244e77abe918f
  JGProgressHUD: d83d7a981b85d11205e19ff8ad5bb9c40571c847
  KeychainAccess: c0c4f7f38f6fc7bbe58f5702e25f7bd2f65abf51
  Kingfisher: 7c084bebf7d548c623ad41bcf765fb200efed369
  lottie-ios: 6ac74dcc09904798f59b18cb3075c089d76be9ae
  NWWebSocket: 21f0c73639815da3272862c912275b26102aa80c
  PusherSwift: 264eaceb921a5f8e166f01a2242371179540c7ff
  SwiftLint: d41cc46a2ae58ac6d9f26954bc89f1d72e71fdef
  TweetNacl: 3abf4d1d2082b0114e7a67410e300892448951e6

PODFILE CHECKSUM: 3d0716fa4df81c9357698a8f9ead52a31cd14fc8

COCOAPODS: 1.11.2
